
Microsoft Visual Studio Solution File, Format Version 12.00
Project("{FAE04EC0-301F-11D3-BF4B-00C04F79EFBC}") = "Algos", "Algos.csproj", "{D63AB1ED-A0C8-4762-A9B6-FAF69A9C9AA1}"
EndProject
Global
	GlobalSection(SolutionConfigurationPlatforms) = preSolution
		Debug|Any CPU = Debug|Any CPU
		Release|Any CPU = Release|Any CPU
	EndGlobalSection
	GlobalSection(ProjectConfigurationPlatforms) = postSolution
		{D63AB1ED-A0C8-4762-A9B6-FAF69A9C9AA1}.Debug|Any CPU.ActiveCfg = Debug|Any CPU
		{D63AB1ED-A0C8-4762-A9B6-FAF69A9C9AA1}.Debug|Any CPU.Build.0 = Debug|Any CPU
		{D63AB1ED-A0C8-4762-A9B6-FAF69A9C9AA1}.Release|Any CPU.ActiveCfg = Release|Any CPU
		{D63AB1ED-A0C8-4762-A9B6-FAF69A9C9AA1}.Release|Any CPU.Build.0 = Release|Any CPU
	EndGlobalSection
EndGlobal
